// !$*UTF8*$!
{
	archiveVersion = 1;
	classes = {
	};
	objectVersion = 50;
	objects = {

/* Begin PBXBuildFile section */
		C857065020ADAF9E00397593 /* AppDelegate.m in Sources */ = {isa = PBXBuildFile; fileRef = C857064F20ADAF9E00397593 /* AppDelegate.m */; };
		C857065620ADAF9E00397593 /* Main.storyboard in Resources */ = {isa = PBXBuildFile; fileRef = C857065420ADAF9E00397593 /* Main.storyboard */; };
		C857065820ADAF9F00397593 /* Assets.xcassets in Resources */ = {isa = PBXBuildFile; fileRef = C857065720ADAF9F00397593 /* Assets.xcassets */; };
		C857065B20ADAF9F00397593 /* LaunchScreen.storyboard in Resources */ = {isa = PBXBuildFile; fileRef = C857065920ADAF9F00397593 /* LaunchScreen.storyboard */; };
		C857065E20ADAF9F00397593 /* main.m in Sources */ = {isa = PBXBuildFile; fileRef = C857065D20ADAF9F00397593 /* main.m */; };
		C857068520ADB08A00397593 /* LCTitleView.m in Sources */ = {isa = PBXBuildFile; fileRef = C857067820ADB08900397593 /* LCTitleView.m */; };
		C857068620ADB08A00397593 /* LCPageView.m in Sources */ = {isa = PBXBuildFile; fileRef = C857067920ADB08900397593 /* LCPageView.m */; };
		C857068720ADB08A00397593 /* UIViewController+Category.m in Sources */ = {isa = PBXBuildFile; fileRef = C857067A20ADB08900397593 /* UIViewController+Category.m */; };
		C857068820ADB08A00397593 /* LCPageViewStyle.m in Sources */ = {isa = PBXBuildFile; fileRef = C857067B20ADB08900397593 /* LCPageViewStyle.m */; };
		C857068920ADB08A00397593 /* MainScrollView.m in Sources */ = {isa = PBXBuildFile; fileRef = C857067D20ADB08A00397593 /* MainScrollView.m */; };
		C857068A20ADB08A00397593 /* UIScrollView+Category.m in Sources */ = {isa = PBXBuildFile; fileRef = C857068120ADB08A00397593 /* UIScrollView+Category.m */; };
		C857069620ADB22400397593 /* TestViewController3.m in Sources */ = {isa = PBXBuildFile; fileRef = C857068E20ADB22400397593 /* TestViewController3.m */; };
		C857069720ADB22400397593 /* ViewController.m in Sources */ = {isa = PBXBuildFile; fileRef = C857068F20ADB22400397593 /* ViewController.m */; };
		C857069920ADB22400397593 /* TestViewController2.m in Sources */ = {isa = PBXBuildFile; fileRef = C857069120ADB22400397593 /* TestViewController2.m */; };
		C857069A20ADB22400397593 /* TestTitleView.m in Sources */ = {isa = PBXBuildFile; fileRef = C857069220ADB22400397593 /* TestTitleView.m */; };
/* End PBXBuildFile section */

/* Begin PBXFileReference section */
		C857064B20ADAF9E00397593 /* Example.app */ = {isa = PBXFileReference; explicitFileType = wrapper.application; includeInIndex = 0; path = Example.app; sourceTree = BUILT_PRODUCTS_DIR; };
		C857064E20ADAF9E00397593 /* AppDelegate.h */ = {isa = PBXFileReference; lastKnownFileType = sourcecode.c.h; path = AppDelegate.h; sourceTree = "<group>"; };
		C857064F20ADAF9E00397593 /* AppDelegate.m */ = {isa = PBXFileReference; lastKnownFileType = sourcecode.c.objc; path = AppDelegate.m; sourceTree = "<group>"; };
		C857065520ADAF9E00397593 /* Base */ = {isa = PBXFileReference; lastKnownFileType = file.storyboard; name = Base; path = Base.lproj/Main.storyboard; sourceTree = "<group>"; };
		C857065720ADAF9F00397593 /* Assets.xcassets */ = {isa = PBXFileReference; lastKnownFileType = folder.assetcatalog; path = Assets.xcassets; sourceTree = "<group>"; };
		C857065A20ADAF9F00397593 /* Base */ = {isa = PBXFileReference; lastKnownFileType = file.storyboard; name = Base; path = Base.lproj/LaunchScreen.storyboard; sourceTree = "<group>"; };
		C857065C20ADAF9F00397593 /* Info.plist */ = {isa = PBXFileReference; lastKnownFileType = text.plist.xml; path = Info.plist; sourceTree = "<group>"; };
		C857065D20ADAF9F00397593 /* main.m */ = {isa = PBXFileReference; lastKnownFileType = sourcecode.c.objc; path = main.m; sourceTree = "<group>"; };
		C857067820ADB08900397593 /* LCTitleView.m */ = {isa = PBXFileReference; fileEncoding = 4; lastKnownFileType = sourcecode.c.objc; path = LCTitleView.m; sourceTree = "<group>"; };
		C857067920ADB08900397593 /* LCPageView.m */ = {isa = PBXFileReference; fileEncoding = 4; lastKnownFileType = sourcecode.c.objc; path = LCPageView.m; sourceTree = "<group>"; };
		C857067A20ADB08900397593 /* UIViewController+Category.m */ = {isa = PBXFileReference; fileEncoding = 4; lastKnownFileType = sourcecode.c.objc; path = "UIViewController+Category.m"; sourceTree = "<group>"; };
		C857067B20ADB08900397593 /* LCPageViewStyle.m */ = {isa = PBXFileReference; fileEncoding = 4; lastKnownFileType = sourcecode.c.objc; path = LCPageViewStyle.m; sourceTree = "<group>"; };
		C857067C20ADB08900397593 /* LCTitleView.h */ = {isa = PBXFileReference; fileEncoding = 4; lastKnownFileType = sourcecode.c.h; path = LCTitleView.h; sourceTree = "<group>"; };
		C857067D20ADB08A00397593 /* MainScrollView.m */ = {isa = PBXFileReference; fileEncoding = 4; lastKnownFileType = sourcecode.c.objc; path = MainScrollView.m; sourceTree = "<group>"; };
		C857067E20ADB08A00397593 /* LCPageContentViewProtocol.h */ = {isa = PBXFileReference; fileEncoding = 4; lastKnownFileType = sourcecode.c.h; path = LCPageContentViewProtocol.h; sourceTree = "<group>"; };
		C857067F20ADB08A00397593 /* LCPageView.h */ = {isa = PBXFileReference; fileEncoding = 4; lastKnownFileType = sourcecode.c.h; path = LCPageView.h; sourceTree = "<group>"; };
		C857068020ADB08A00397593 /* UIScrollView+Category.h */ = {isa = PBXFileReference; fileEncoding = 4; lastKnownFileType = sourcecode.c.h; path = "UIScrollView+Category.h"; sourceTree = "<group>"; };
		C857068120ADB08A00397593 /* UIScrollView+Category.m */ = {isa = PBXFileReference; fileEncoding = 4; lastKnownFileType = sourcecode.c.objc; path = "UIScrollView+Category.m"; sourceTree = "<group>"; };
		C857068220ADB08A00397593 /* UIViewController+Category.h */ = {isa = PBXFileReference; fileEncoding = 4; lastKnownFileType = sourcecode.c.h; path = "UIViewController+Category.h"; sourceTree = "<group>"; };
		C857068320ADB08A00397593 /* LCPageViewStyle.h */ = {isa = PBXFileReference; fileEncoding = 4; lastKnownFileType = sourcecode.c.h; path = LCPageViewStyle.h; sourceTree = "<group>"; };
		C857068420ADB08A00397593 /* MainScrollView.h */ = {isa = PBXFileReference; fileEncoding = 4; lastKnownFileType = sourcecode.c.h; path = MainScrollView.h; sourceTree = "<group>"; };
		C857068D20ADB22400397593 /* ViewController.h */ = {isa = PBXFileReference; fileEncoding = 4; lastKnownFileType = sourcecode.c.h; path = ViewController.h; sourceTree = "<group>"; };
		C857068E20ADB22400397593 /* TestViewController3.m */ = {isa = PBXFileReference; fileEncoding = 4; lastKnownFileType = sourcecode.c.objc; path = TestViewController3.m; sourceTree = "<group>"; };
		C857068F20ADB22400397593 /* ViewController.m */ = {isa = PBXFileReference; fileEncoding = 4; lastKnownFileType = sourcecode.c.objc; path = ViewController.m; sourceTree = "<group>"; };
		C857069120ADB22400397593 /* TestViewController2.m */ = {isa = PBXFileReference; fileEncoding = 4; lastKnownFileType = sourcecode.c.objc; path = TestViewController2.m; sourceTree = "<group>"; };
		C857069220ADB22400397593 /* TestTitleView.m */ = {isa = PBXFileReference; fileEncoding = 4; lastKnownFileType = sourcecode.c.objc; path = TestTitleView.m; sourceTree = "<group>"; };
		C857069320ADB22400397593 /* TestTitleView.h */ = {isa = PBXFileReference; fileEncoding = 4; lastKnownFileType = sourcecode.c.h; path = TestTitleView.h; sourceTree = "<group>"; };
		C857069420ADB22400397593 /* TestViewController2.h */ = {isa = PBXFileReference; fileEncoding = 4; lastKnownFileType = sourcecode.c.h; path = TestViewController2.h; sourceTree = "<group>"; };
		C857069520ADB22400397593 /* TestViewController3.h */ = {isa = PBXFileReference; fileEncoding = 4; lastKnownFileType = sourcecode.c.h; path = TestViewController3.h; sourceTree = "<group>"; };
/* End PBXFileReference section */

/* Begin PBXFrameworksBuildPhase section */
		C857064820ADAF9E00397593 /* Frameworks */ = {
			isa = PBXFrameworksBuildPhase;
			buildActionMask = 2147483647;
			files = (
			);
			runOnlyForDeploymentPostprocessing = 0;
		};
/* End PBXFrameworksBuildPhase section */

/* Begin PBXGroup section */
		C857064220ADAF9E00397593 = {
			isa = PBXGroup;
			children = (
				C857064D20ADAF9E00397593 /* Example */,
				C857064C20ADAF9E00397593 /* Products */,
			);
			sourceTree = "<group>";
		};
		C857064C20ADAF9E00397593 /* Products */ = {
			isa = PBXGroup;
			children = (
				C857064B20ADAF9E00397593 /* Example.app */,
			);
			name = Products;
			sourceTree = "<group>";
		};
		C857064D20ADAF9E00397593 /* Example */ = {
			isa = PBXGroup;
			children = (
				C857068B20ADB19800397593 /* Demo */,
				C857066420ADB04500397593 /* Source */,
				C857064E20ADAF9E00397593 /* AppDelegate.h */,
				C857064F20ADAF9E00397593 /* AppDelegate.m */,
				C857065420ADAF9E00397593 /* Main.storyboard */,
				C857065720ADAF9F00397593 /* Assets.xcassets */,
				C857065920ADAF9F00397593 /* LaunchScreen.storyboard */,
				C857065C20ADAF9F00397593 /* Info.plist */,
				C857065D20ADAF9F00397593 /* main.m */,
			);
			path = Example;
			sourceTree = "<group>";
		};
		C857066420ADB04500397593 /* Source */ = {
			isa = PBXGroup;
			children = (
				C857067E20ADB08A00397593 /* LCPageContentViewProtocol.h */,
				C857067F20ADB08A00397593 /* LCPageView.h */,
				C857067920ADB08900397593 /* LCPageView.m */,
				C857068320ADB08A00397593 /* LCPageViewStyle.h */,
				C857067B20ADB08900397593 /* LCPageViewStyle.m */,
				C857067C20ADB08900397593 /* LCTitleView.h */,
				C857067820ADB08900397593 /* LCTitleView.m */,
				C857068420ADB08A00397593 /* MainScrollView.h */,
				C857067D20ADB08A00397593 /* MainScrollView.m */,
				C857068020ADB08A00397593 /* UIScrollView+Category.h */,
				C857068120ADB08A00397593 /* UIScrollView+Category.m */,
				C857068220ADB08A00397593 /* UIViewController+Category.h */,
				C857067A20ADB08900397593 /* UIViewController+Category.m */,
			);
			name = Source;
			path = ../../Source;
			sourceTree = "<group>";
		};
		C857068B20ADB19800397593 /* Demo */ = {
			isa = PBXGroup;
			children = (
				C857069320ADB22400397593 /* TestTitleView.h */,
				C857069220ADB22400397593 /* TestTitleView.m */,
				C857069420ADB22400397593 /* TestViewController2.h */,
				C857069120ADB22400397593 /* TestViewController2.m */,
				C857069520ADB22400397593 /* TestViewController3.h */,
				C857068E20ADB22400397593 /* TestViewController3.m */,
				C857068D20ADB22400397593 /* ViewController.h */,
				C857068F20ADB22400397593 /* ViewController.m */,
			);
			path = Demo;
			sourceTree = SOURCE_ROOT;
		};
/* End PBXGroup section */

/* Begin PBXNativeTarget section */
		C857064A20ADAF9E00397593 /* Example */ = {
			isa = PBXNativeTarget;
			buildConfigurationList = C857066120ADAF9F00397593 /* Build configuration list for PBXNativeTarget "Example" */;
			buildPhases = (
				C857064720ADAF9E00397593 /* Sources */,
				C857064820ADAF9E00397593 /* Frameworks */,
				C857064920ADAF9E00397593 /* Resources */,
			);
			buildRules = (
			);
			dependencies = (
			);
			name = Example;
			productName = Example;
			productReference = C857064B20ADAF9E00397593 /* Example.app */;
			productType = "com.apple.product-type.application";
		};
/* End PBXNativeTarget section */

/* Begin PBXProject section */
		C857064320ADAF9E00397593 /* Project object */ = {
			isa = PBXProject;
			attributes = {
				LastUpgradeCheck = 0930;
				ORGANIZATIONNAME = linechan;
				TargetAttributes = {
					C857064A20ADAF9E00397593 = {
						CreatedOnToolsVersion = 9.3;
					};
				};
			};
			buildConfigurationList = C857064620ADAF9E00397593 /* Build configuration list for PBXProject "Example" */;
			compatibilityVersion = "Xcode 9.3";
			developmentRegion = en;
			hasScannedForEncodings = 0;
			knownRegions = (
				en,
				Base,
			);
			mainGroup = C857064220ADAF9E00397593;
			productRefGroup = C857064C20ADAF9E00397593 /* Products */;
			projectDirPath = "";
			projectRoot = "";
			targets = (
				C857064A20ADAF9E00397593 /* Example */,
			);
		};
/* End PBXProject section */

/* Begin PBXResourcesBuildPhase section */
		C857064920ADAF9E00397593 /* Resources */ = {
			isa = PBXResourcesBuildPhase;
			buildActionMask = 2147483647;
			files = (
				C857065B20ADAF9F00397593 /* LaunchScreen.storyboard in Resources */,
				C857065820ADAF9F00397593 /* Assets.xcassets in Resources */,
				C857065620ADAF9E00397593 /* Main.storyboard in Resources */,
			);
			runOnlyForDeploymentPostprocessing = 0;
		};
/* End PBXResourcesBuildPhase section */

/* Begin PBXSourcesBuildPhase section */
		C857064720ADAF9E00397593 /* Sources */ = {
			isa = PBXSourcesBuildPhase;
			buildActionMask = 2147483647;
			files = (
				C857069A20ADB22400397593 /* TestTitleView.m in Sources */,
				C857068520ADB08A00397593 /* LCTitleView.m in Sources */,
				C857069920ADB22400397593 /* TestViewController2.m in Sources */,
				C857068A20ADB08A00397593 /* UIScrollView+Category.m in Sources */,
				C857068920ADB08A00397593 /* MainScrollView.m in Sources */,
				C857065E20ADAF9F00397593 /* main.m in Sources */,
				C857069720ADB22400397593 /* ViewController.m in Sources */,
				C857069620ADB22400397593 /* TestViewController3.m in Sources */,
				C857068820ADB08A00397593 /* LCPageViewStyle.m in Sources */,
				C857068620ADB08A00397593 /* LCPageView.m in Sources */,
				C857068720ADB08A00397593 /* UIViewController+Category.m in Sources */,
				C857065020ADAF9E00397593 /* AppDelegate.m in Sources */,
			);
			runOnlyForDeploymentPostprocessing = 0;
		};
/* End PBXSourcesBuildPhase section */

/* Begin PBXVariantGroup section */
		C857065420ADAF9E00397593 /* Main.storyboard */ = {
			isa = PBXVariantGroup;
			children = (
				C857065520ADAF9E00397593 /* Base */,
			);
			name = Main.storyboard;
			sourceTree = "<group>";
		};
		C857065920ADAF9F00397593 /* LaunchScreen.storyboard */ = {
			isa = PBXVariantGroup;
			children = (
				C857065A20ADAF9F00397593 /* Base */,
			);
			name = LaunchScreen.storyboard;
			sourceTree = "<group>";
		};
/* End PBXVariantGroup section */

/* Begin XCBuildConfiguration section */
		C857065F20ADAF9F00397593 /* Debug */ = {
			isa = XCBuildConfiguration;
			buildSettings = {
				ALWAYS_SEARCH_USER_PATHS = NO;
				CLANG_ANALYZER_NONNULL = YES;
				CLANG_ANALYZER_NUMBER_OBJECT_CONVERSION = YES_AGGRESSIVE;
				CLANG_CXX_LANGUAGE_STANDARD = "gnu++14";
				CLANG_CXX_LIBRARY = "libc++";
				CLANG_ENABLE_MODULES = YES;
				CLANG_ENABLE_OBJC_ARC = YES;
				CLANG_ENABLE_OBJC_WEAK = YES;
				CLANG_WARN_BLOCK_CAPTURE_AUTORELEASING = YES;
				CLANG_WARN_BOOL_CONVERSION = YES;
				CLANG_WARN_COMMA = YES;
				CLANG_WARN_CONSTANT_CONVERSION = YES;
				CLANG_WARN_DEPRECATED_OBJC_IMPLEMENTATIONS = YES;
				CLANG_WARN_DIRECT_OBJC_ISA_USAGE = YES_ERROR;
				CLANG_WARN_DOCUMENTATION_COMMENTS = YES;
				CLANG_WARN_EMPTY_BODY = YES;
				CLANG_WARN_ENUM_CONVERSION = YES;
				CLANG_WARN_INFINITE_RECURSION = YES;
				CLANG_WARN_INT_CONVERSION = YES;
				CLANG_WARN_NON_LITERAL_NULL_CONVERSION = YES;
				CLANG_WARN_OBJC_IMPLICIT_RETAIN_SELF = YES;
				CLANG_WARN_OBJC_LITERAL_CONVERSION = YES;
				CLANG_WARN_OBJC_ROOT_CLASS = YES_ERROR;
				CLANG_WARN_RANGE_LOOP_ANALYSIS = YES;
				CLANG_WARN_STRICT_PROTOTYPES = YES;
				CLANG_WARN_SUSPICIOUS_MOVE = YES;
				CLANG_WARN_UNGUARDED_AVAILABILITY = YES_AGGRESSIVE;
				CLANG_WARN_UNREACHABLE_CODE = YES;
				CLANG_WARN__DUPLICATE_METHOD_MATCH = YES;
				CODE_SIGN_IDENTITY = "iPhone Developer";
				COPY_PHASE_STRIP = NO;
				DEBUG_INFORMATION_FORMAT = dwarf;
				ENABLE_STRICT_OBJC_MSGSEND = YES;
				ENABLE_TESTABILITY = YES;
				GCC_C_LANGUAGE_STANDARD = gnu11;
				GCC_DYNAMIC_NO_PIC = NO;
				GCC_NO_COMMON_BLOCKS = YES;
				GCC_OPTIMIZATION_LEVEL = 0;
				GCC_PREPROCESSOR_DEFINITIONS = (
					"DEBUG=1",
					"$(inherited)",
				);
				GCC_WARN_64_TO_32_BIT_CONVERSION = YES;
				GCC_WARN_ABOUT_RETURN_TYPE = YES_ERROR;
				GCC_WARN_UNDECLARED_SELECTOR = YES;
				GCC_WARN_UNINITIALIZED_AUTOS = YES_AGGRESSIVE;
				GCC_WARN_UNUSED_FUNCTION = YES;
				GCC_WARN_UNUSED_VARIABLE = YES;
				IPHONEOS_DEPLOYMENT_TARGET = 11.3;
				MTL_ENABLE_DEBUG_INFO = YES;
				ONLY_ACTIVE_ARCH = YES;
				SDKROOT = iphoneos;
			};
			name = Debug;
		};
		C857066020ADAF9F00397593 /* Release */ = {
			isa = XCBuildConfiguration;
			buildSettings = {
				ALWAYS_SEARCH_USER_PATHS = NO;
				CLANG_ANALYZER_NONNULL = YES;
				CLANG_ANALYZER_NUMBER_OBJECT_CONVERSION = YES_AGGRESSIVE;
				CLANG_CXX_LANGUAGE_STANDARD = "gnu++14";
				CLANG_CXX_LIBRARY = "libc++";
				CLANG_ENABLE_MODULES = YES;
				CLANG_ENABLE_OBJC_ARC = YES;
				CLANG_ENABLE_OBJC_WEAK = YES;
				CLANG_WARN_BLOCK_CAPTURE_AUTORELEASING = YES;
				CLANG_WARN_BOOL_CONVERSION = YES;
				CLANG_WARN_COMMA = YES;
				CLANG_WARN_CONSTANT_CONVERSION = YES;
				CLANG_WARN_DEPRECATED_OBJC_IMPLEMENTATIONS = YES;
				CLANG_WARN_DIRECT_OBJC_ISA_USAGE = YES_ERROR;
				CLANG_WARN_DOCUMENTATION_COMMENTS = YES;
				CLANG_WARN_EMPTY_BODY = YES;
				CLANG_WARN_ENUM_CONVERSION = YES;
				CLANG_WARN_INFINITE_RECURSION = YES;
				CLANG_WARN_INT_CONVERSION = YES;
				CLANG_WARN_NON_LITERAL_NULL_CONVERSION = YES;
				CLANG_WARN_OBJC_IMPLICIT_RETAIN_SELF = YES;
				CLANG_WARN_OBJC_LITERAL_CONVERSION = YES;
				CLANG_WARN_OBJC_ROOT_CLASS = YES_ERROR;
				CLANG_WARN_RANGE_LOOP_ANALYSIS = YES;
				CLANG_WARN_STRICT_PROTOTYPES = YES;
				CLANG_WARN_SUSPICIOUS_MOVE = YES;
				CLANG_WARN_UNGUARDED_AVAILABILITY = YES_AGGRESSIVE;
				CLANG_WARN_UNREACHABLE_CODE = YES;
				CLANG_WARN__DUPLICATE_METHOD_MATCH = YES;
				CODE_SIGN_IDENTITY = "iPhone Developer";
				COPY_PHASE_STRIP = NO;
				DEBUG_INFORMATION_FORMAT = "dwarf-with-dsym";
				ENABLE_NS_ASSERTIONS = NO;
				ENABLE_STRICT_OBJC_MSGSEND = YES;
				GCC_C_LANGUAGE_STANDARD = gnu11;
				GCC_NO_COMMON_BLOCKS = YES;
				GCC_WARN_64_TO_32_BIT_CONVERSION = YES;
				GCC_WARN_ABOUT_RETURN_TYPE = YES_ERROR;
				GCC_WARN_UNDECLARED_SELECTOR = YES;
				GCC_WARN_UNINITIALIZED_AUTOS = YES_AGGRESSIVE;
				GCC_WARN_UNUSED_FUNCTION = YES;
				GCC_WARN_UNUSED_VARIABLE = YES;
				IPHONEOS_DEPLOYMENT_TARGET = 11.3;
				MTL_ENABLE_DEBUG_INFO = NO;
				SDKROOT = iphoneos;
				VALIDATE_PRODUCT = YES;
			};
			name = Release;
		};
		C857066220ADAF9F00397593 /* Debug */ = {
			isa = XCBuildConfiguration;
			buildSettings = {
				ASSETCATALOG_COMPILER_APPICON_NAME = AppIcon;
				CODE_SIGN_STYLE = Automatic;
				DEVELOPMENT_TEAM = YKJ9G6R72M;
				INFOPLIST_FILE = Example/Info.plist;
				LD_RUNPATH_SEARCH_PATHS = (
					"$(inherited)",
					"@executable_path/Frameworks",
				);
				PRODUCT_BUNDLE_IDENTIFIER = com.lianchen.com.Example;
				PRODUCT_NAME = "$(TARGET_NAME)";
				TARGETED_DEVICE_FAMILY = "1,2";
			};
			name = Debug;
		};
		C857066320ADAF9F00397593 /* Release */ = {
			isa = XCBuildConfiguration;
			buildSettings = {
				ASSETCATALOG_COMPILER_APPICON_NAME = AppIcon;
				CODE_SIGN_STYLE = Automatic;
				DEVELOPMENT_TEAM = YKJ9G6R72M;
				INFOPLIST_FILE = Example/Info.plist;
				LD_RUNPATH_SEARCH_PATHS = (
					"$(inherited)",
					"@executable_path/Frameworks",
				);
				PRODUCT_BUNDLE_IDENTIFIER = com.lianchen.com.Example;
				PRODUCT_NAME = "$(TARGET_NAME)";
				TARGETED_DEVICE_FAMILY = "1,2";
			};
			name = Release;
		};
/* End XCBuildConfiguration section */

/* Begin XCConfigurationList section */
		C857064620ADAF9E00397593 /* Build configuration list for PBXProject "Example" */ = {
			isa = XCConfigurationList;
			buildConfigurations = (
				C857065F20ADAF9F00397593 /* Debug */,
				C857066020ADAF9F00397593 /* Release */,
			);
			defaultConfigurationIsVisible = 0;
			defaultConfigurationName = Release;
		};
		C857066120ADAF9F00397593 /* Build configuration list for PBXNativeTarget "Example" */ = {
			isa = XCConfigurationList;
			buildConfigurations = (
				C857066220ADAF9F00397593 /* Debug */,
				C857066320ADAF9F00397593 /* Release */,
			);
			defaultConfigurationIsVisible = 0;
			defaultConfigurationName = Release;
		};
/* End XCConfigurationList section */
	};
	rootObject = C857064320ADAF9E00397593 /* Project object */;
}
